
Microsoft Visual Studio Solution File, Format Version 12.00
# Visual Studio Version 17
VisualStudioVersion = 17.1.32228.430
MinimumVisualStudioVersion = 10.0.40219.1
Project("{FAE04EC0-301F-11D3-BF4B-00C04F79EFBC}") = "Labor1", "Labor1\Labor1.csproj", "{79695C03-43B1-45A8-9497-A9429595F6C5}"
EndProject
Global
	GlobalSection(SolutionConfigurationPlatforms) = preSolution
		Debug|Any CPU = Debug|Any CPU
		Release|Any CPU = Release|Any CPU
	EndGlobalSection
	GlobalSection(ProjectConfigurationPlatforms) = postSolution
		{79695C03-43B1-45A8-9497-A9429595F6C5}.Debug|Any CPU.ActiveCfg = Debug|Any CPU
		{79695C03-43B1-45A8-9497-A9429595F6C5}.Debug|Any CPU.Build.0 = Debug|Any CPU
		{79695C03-43B1-45A8-9497-A9429595F6C5}.Release|Any CPU.ActiveCfg = Release|Any CPU
		{79695C03-43B1-45A8-9497-A9429595F6C5}.Release|Any CPU.Build.0 = Release|Any CPU
	EndGlobalSection
	GlobalSection(SolutionProperties) = preSolution
		HideSolutionNode = FALSE
	EndGlobalSection
	GlobalSection(ExtensibilityGlobals) = postSolution
		SolutionGuid = {99D134DF-9882-4E28-BF45-5DB203A63B3F}
	EndGlobalSection
EndGlobal
